// !$*UTF8*$!
{
	archiveVersion = 1;
	classes = {
	};
	objectVersion = 55;
	objects = {

/* Begin PBXBuildFile section */
		3F322A9927EA172D00A26177 /* AppDelegate.swift in Sources */ = {isa = PBXBuildFile; fileRef = 3F322A9827EA172D00A26177 /* AppDelegate.swift */; };
		3F322A9B27EA172D00A26177 /* SceneDelegate.swift in Sources */ = {isa = PBXBuildFile; fileRef = 3F322A9A27EA172D00A26177 /* SceneDelegate.swift */; };
		3F322A9D27EA172D00A26177 /* ViewController.swift in Sources */ = {isa = PBXBuildFile; fileRef = 3F322A9C27EA172D00A26177 /* ViewController.swift */; };
		3F322AA027EA172D00A26177 /* Main.storyboard in Resources */ = {isa = PBXBuildFile; fileRef = 3F322A9E27EA172D00A26177 /* Main.storyboard */; };
		3F322AA227EA172E00A26177 /* Assets.xcassets in Resources */ = {isa = PBXBuildFile; fileRef = 3F322AA127EA172E00A26177 /* Assets.xcassets */; };
		3F322AA527EA172E00A26177 /* LaunchScreen.storyboard in Resources */ = {isa = PBXBuildFile; fileRef = 3F322AA327EA172E00A26177 /* LaunchScreen.storyboard */; };
		3F322AB027EA172F00A26177 /* DiscountMultipleViewAppTests.swift in Sources */ = {isa = PBXBuildFile; fileRef = 3F322AAF27EA172F00A26177 /* DiscountMultipleViewAppTests.swift */; };
		3F322ABA27EA172F00A26177 /* DiscountMultipleViewAppUITests.swift in Sources */ = {isa = PBXBuildFile; fileRef = 3F322AB927EA172F00A26177 /* DiscountMultipleViewAppUITests.swift */; };
		3F322ABC27EA172F00A26177 /* DiscountMultipleViewAppUITestsLaunchTests.swift in Sources */ = {isa = PBXBuildFile; fileRef = 3F322ABB27EA172F00A26177 /* DiscountMultipleViewAppUITestsLaunchTests.swift */; };
		3F322AC927EA193800A26177 /* ResultViewController.swift in Sources */ = {isa = PBXBuildFile; fileRef = 3F322AC827EA193800A26177 /* ResultViewController.swift */; };
/* End PBXBuildFile section */

/* Begin PBXContainerItemProxy section */
		3F322AAC27EA172F00A26177 /* PBXContainerItemProxy */ = {
			isa = PBXContainerItemProxy;
			containerPortal = 3F322A8D27EA172D00A26177 /* Project object */;
			proxyType = 1;
			remoteGlobalIDString = 3F322A9427EA172D00A26177;
			remoteInfo = DiscountMultipleViewApp;
		};
		3F322AB627EA172F00A26177 /* PBXContainerItemProxy */ = {
			isa = PBXContainerItemProxy;
			containerPortal = 3F322A8D27EA172D00A26177 /* Project object */;
			proxyType = 1;
			remoteGlobalIDString = 3F322A9427EA172D00A26177;
			remoteInfo = DiscountMultipleViewApp;
		};
/* End PBXContainerItemProxy section */

/* Begin PBXFileReference section */
		3F322A9527EA172D00A26177 /* DiscountMultipleViewApp.app */ = {isa = PBXFileReference; explicitFileType = wrapper.application; includeInIndex = 0; path = DiscountMultipleViewApp.app; sourceTree = BUILT_PRODUCTS_DIR; };
		3F322A9827EA172D00A26177 /* AppDelegate.swift */ = {isa = PBXFileReference; lastKnownFileType = sourcecode.swift; path = AppDelegate.swift; sourceTree = "<group>"; };
		3F322A9A27EA172D00A26177 /* SceneDelegate.swift */ = {isa = PBXFileReference; lastKnownFileType = sourcecode.swift; path = SceneDelegate.swift; sourceTree = "<group>"; };
		3F322A9C27EA172D00A26177 /* ViewController.swift */ = {isa = PBXFileReference; lastKnownFileType = sourcecode.swift; path = ViewController.swift; sourceTree = "<group>"; };
		3F322A9F27EA172D00A26177 /* Base */ = {isa = PBXFileReference; lastKnownFileType = file.storyboard; name = Base; path = Base.lproj/Main.storyboard; sourceTree = "<group>"; };
		3F322AA127EA172E00A26177 /* Assets.xcassets */ = {isa = PBXFileReference; lastKnownFileType = folder.assetcatalog; path = Assets.xcassets; sourceTree = "<group>"; };
		3F322AA427EA172E00A26177 /* Base */ = {isa = PBXFileReference; lastKnownFileType = file.storyboard; name = Base; path = Base.lproj/LaunchScreen.storyboard; sourceTree = "<group>"; };
		3F322AA627EA172E00A26177 /* Info.plist */ = {isa = PBXFileReference; lastKnownFileType = text.plist.xml; path = Info.plist; sourceTree = "<group>"; };
		3F322AAB27EA172F00A26177 /* DiscountMultipleViewAppTests.xctest */ = {isa = PBXFileReference; explicitFileType = wrapper.cfbundle; includeInIndex = 0; path = DiscountMultipleViewAppTests.xctest; sourceTree = BUILT_PRODUCTS_DIR; };
		3F322AAF27EA172F00A26177 /* DiscountMultipleViewAppTests.swift */ = {isa = PBXFileReference; lastKnownFileType = sourcecode.swift; path = DiscountMultipleViewAppTests.swift; sourceTree = "<group>"; };
		3F322AB527EA172F00A26177 /* DiscountMultipleViewAppUITests.xctest */ = {isa = PBXFileReference; explicitFileType = wrapper.cfbundle; includeInIndex = 0; path = DiscountMultipleViewAppUITests.xctest; sourceTree = BUILT_PRODUCTS_DIR; };
		3F322AB927EA172F00A26177 /* DiscountMultipleViewAppUITests.swift */ = {isa = PBXFileReference; lastKnownFileType = sourcecode.swift; path = DiscountMultipleViewAppUITests.swift; sourceTree = "<group>"; };
		3F322ABB27EA172F00A26177 /* DiscountMultipleViewAppUITestsLaunchTests.swift */ = {isa = PBXFileReference; lastKnownFileType = sourcecode.swift; path = DiscountMultipleViewAppUITestsLaunchTests.swift; sourceTree = "<group>"; };
		3F322AC827EA193800A26177 /* ResultViewController.swift */ = {isa = PBXFileReference; lastKnownFileType = sourcecode.swift; path = ResultViewController.swift; sourceTree = "<group>"; };
/* End PBXFileReference section */

/* Begin PBXFrameworksBuildPhase section */
		3F322A9227EA172D00A26177 /* Frameworks */ = {
			isa = PBXFrameworksBuildPhase;
			buildActionMask = 2147483647;
			files = (
			);
			runOnlyForDeploymentPostprocessing = 0;
		};
		3F322AA827EA172F00A26177 /* Frameworks */ = {
			isa = PBXFrameworksBuildPhase;
			buildActionMask = 2147483647;
			files = (
			);
			runOnlyForDeploymentPostprocessing = 0;
		};
		3F322AB227EA172F00A26177 /* Frameworks */ = {
			isa = PBXFrameworksBuildPhase;
			buildActionMask = 2147483647;
			files = (
			);
			runOnlyForDeploymentPostprocessing = 0;
		};
/* End PBXFrameworksBuildPhase section */

/* Begin PBXGroup section */
		3F322A8C27EA172D00A26177 = {
			isa = PBXGroup;
			children = (
				3F322A9727EA172D00A26177 /* DiscountMultipleViewApp */,
				3F322AAE27EA172F00A26177 /* DiscountMultipleViewAppTests */,
				3F322AB827EA172F00A26177 /* DiscountMultipleViewAppUITests */,
				3F322A9627EA172D00A26177 /* Products */,
			);
			sourceTree = "<group>";
		};
		3F322A9627EA172D00A26177 /* Products */ = {
			isa = PBXGroup;
			children = (
				3F322A9527EA172D00A26177 /* DiscountMultipleViewApp.app */,
				3F322AAB27EA172F00A26177 /* DiscountMultipleViewAppTests.xctest */,
				3F322AB527EA172F00A26177 /* DiscountMultipleViewAppUITests.xctest */,
			);
			name = Products;
			sourceTree = "<group>";
		};
		3F322A9727EA172D00A26177 /* DiscountMultipleViewApp */ = {
			isa = PBXGroup;
			children = (
				3F322A9827EA172D00A26177 /* AppDelegate.swift */,
				3F322A9A27EA172D00A26177 /* SceneDelegate.swift */,
				3F322A9C27EA172D00A26177 /* ViewController.swift */,
				3F322A9E27EA172D00A26177 /* Main.storyboard */,
				3F322AA127EA172E00A26177 /* Assets.xcassets */,
				3F322AA327EA172E00A26177 /* LaunchScreen.storyboard */,
				3F322AA627EA172E00A26177 /* Info.plist */,
				3F322AC827EA193800A26177 /* ResultViewController.swift */,
			);
			path = DiscountMultipleViewApp;
			sourceTree = "<group>";
		};
		3F322AAE27EA172F00A26177 /* DiscountMultipleViewAppTests */ = {
			isa = PBXGroup;
			children = (
				3F322AAF27EA172F00A26177 /* DiscountMultipleViewAppTests.swift */,
			);
			path = DiscountMultipleViewAppTests;
			sourceTree = "<group>";
		};
		3F322AB827EA172F00A26177 /* DiscountMultipleViewAppUITests */ = {
			isa = PBXGroup;
			children = (
				3F322AB927EA172F00A26177 /* DiscountMultipleViewAppUITests.swift */,
				3F322ABB27EA172F00A26177 /* DiscountMultipleViewAppUITestsLaunchTests.swift */,
			);
			path = DiscountMultipleViewAppUITests;
			sourceTree = "<group>";
		};
/* End PBXGroup section */

/* Begin PBXNativeTarget section */
		3F322A9427EA172D00A26177 /* DiscountMultipleViewApp */ = {
			isa = PBXNativeTarget;
			buildConfigurationList = 3F322ABF27EA172F00A26177 /* Build configuration list for PBXNativeTarget "DiscountMultipleViewApp" */;
			buildPhases = (
				3F322A9127EA172D00A26177 /* Sources */,
				3F322A9227EA172D00A26177 /* Frameworks */,
				3F322A9327EA172D00A26177 /* Resources */,
			);
			buildRules = (
			);
			dependencies = (
			);
			name = DiscountMultipleViewApp;
			productName = DiscountMultipleViewApp;
			productReference = 3F322A9527EA172D00A26177 /* DiscountMultipleViewApp.app */;
			productType = "com.apple.product-type.application";
		};
		3F322AAA27EA172F00A26177 /* DiscountMultipleViewAppTests */ = {
			isa = PBXNativeTarget;
			buildConfigurationList = 3F322AC227EA172F00A26177 /* Build configuration list for PBXNativeTarget "DiscountMultipleViewAppTests" */;
			buildPhases = (
				3F322AA727EA172F00A26177 /* Sources */,
				3F322AA827EA172F00A26177 /* Frameworks */,
				3F322AA927EA172F00A26177 /* Resources */,
			);
			buildRules = (
			);
			dependencies = (
				3F322AAD27EA172F00A26177 /* PBXTargetDependency */,
			);
			name = DiscountMultipleViewAppTests;
			productName = DiscountMultipleViewAppTests;
			productReference = 3F322AAB27EA172F00A26177 /* DiscountMultipleViewAppTests.xctest */;
			productType = "com.apple.product-type.bundle.unit-test";
		};
		3F322AB427EA172F00A26177 /* DiscountMultipleViewAppUITests */ = {
			isa = PBXNativeTarget;
			buildConfigurationList = 3F322AC527EA172F00A26177 /* Build configuration list for PBXNativeTarget "DiscountMultipleViewAppUITests" */;
			buildPhases = (
				3F322AB127EA172F00A26177 /* Sources */,
				3F322AB227EA172F00A26177 /* Frameworks */,
				3F322AB327EA172F00A26177 /* Resources */,
			);
			buildRules = (
			);
			dependencies = (
				3F322AB727EA172F00A26177 /* PBXTargetDependency */,
			);
			name = DiscountMultipleViewAppUITests;
			productName = DiscountMultipleViewAppUITests;
			productReference = 3F322AB527EA172F00A26177 /* DiscountMultipleViewAppUITests.xctest */;
			productType = "com.apple.product-type.bundle.ui-testing";
		};
/* End PBXNativeTarget section */

/* Begin PBXProject section */
		3F322A8D27EA172D00A26177 /* Project object */ = {
			isa = PBXProject;
			attributes = {
				BuildIndependentTargetsInParallel = 1;
				LastSwiftUpdateCheck = 1310;
				LastUpgradeCheck = 1310;
				TargetAttributes = {
					3F322A9427EA172D00A26177 = {
						CreatedOnToolsVersion = 13.1;
					};
					3F322AAA27EA172F00A26177 = {
						CreatedOnToolsVersion = 13.1;
						TestTargetID = 3F322A9427EA172D00A26177;
					};
					3F322AB427EA172F00A26177 = {
						CreatedOnToolsVersion = 13.1;
						TestTargetID = 3F322A9427EA172D00A26177;
					};
				};
			};
			buildConfigurationList = 3F322A9027EA172D00A26177 /* Build configuration list for PBXProject "DiscountMultipleViewApp" */;
			compatibilityVersion = "Xcode 13.0";
			developmentRegion = en;
			hasScannedForEncodings = 0;
			knownRegions = (
				en,
				Base,
			);
			mainGroup = 3F322A8C27EA172D00A26177;
			productRefGroup = 3F322A9627EA172D00A26177 /* Products */;
			projectDirPath = "";
			projectRoot = "";
			targets = (
				3F322A9427EA172D00A26177 /* DiscountMultipleViewApp */,
				3F322AAA27EA172F00A26177 /* DiscountMultipleViewAppTests */,
				3F322AB427EA172F00A26177 /* DiscountMultipleViewAppUITests */,
			);
		};
/* End PBXProject section */

/* Begin PBXResourcesBuildPhase section */
		3F322A9327EA172D00A26177 /* Resources */ = {
			isa = PBXResourcesBuildPhase;
			buildActionMask = 2147483647;
			files = (
				3F322AA527EA172E00A26177 /* LaunchScreen.storyboard in Resources */,
				3F322AA227EA172E00A26177 /* Assets.xcassets in Resources */,
				3F322AA027EA172D00A26177 /* Main.storyboard in Resources */,
			);
			runOnlyForDeploymentPostprocessing = 0;
		};
		3F322AA927EA172F00A26177 /* Resources */ = {
			isa = PBXResourcesBuildPhase;
			buildActionMask = 2147483647;
			files = (
			);
			runOnlyForDeploymentPostprocessing = 0;
		};
		3F322AB327EA172F00A26177 /* Resources */ = {
			isa = PBXResourcesBuildPhase;
			buildActionMask = 2147483647;
			files = (
			);
			runOnlyForDeploymentPostprocessing = 0;
		};
/* End PBXResourcesBuildPhase section */

/* Begin PBXSourcesBuildPhase section */
		3F322A9127EA172D00A26177 /* Sources */ = {
			isa = PBXSourcesBuildPhase;
			buildActionMask = 2147483647;
			files = (
				3F322A9D27EA172D00A26177 /* ViewController.swift in Sources */,
				3F322A9927EA172D00A26177 /* AppDelegate.swift in Sources */,
				3F322A9B27EA172D00A26177 /* SceneDelegate.swift in Sources */,
				3F322AC927EA193800A26177 /* ResultViewController.swift in Sources */,
			);
			runOnlyForDeploymentPostprocessing = 0;
		};
		3F322AA727EA172F00A26177 /* Sources */ = {
			isa = PBXSourcesBuildPhase;
			buildActionMask = 2147483647;
			files = (
				3F322AB027EA172F00A26177 /* DiscountMultipleViewAppTests.swift in Sources */,
			);
			runOnlyForDeploymentPostprocessing = 0;
		};
		3F322AB127EA172F00A26177 /* Sources */ = {
			isa = PBXSourcesBuildPhase;
			buildActionMask = 2147483647;
			files = (
				3F322ABC27EA172F00A26177 /* DiscountMultipleViewAppUITestsLaunchTests.swift in Sources */,
				3F322ABA27EA172F00A26177 /* DiscountMultipleViewAppUITests.swift in Sources */,
			);
			runOnlyForDeploymentPostprocessing = 0;
		};
/* End PBXSourcesBuildPhase section */

/* Begin PBXTargetDependency section */
		3F322AAD27EA172F00A26177 /* PBXTargetDependency */ = {
			isa = PBXTargetDependency;
			target = 3F322A9427EA172D00A26177 /* DiscountMultipleViewApp */;
			targetProxy = 3F322AAC27EA172F00A26177 /* PBXContainerItemProxy */;
		};
		3F322AB727EA172F00A26177 /* PBXTargetDependency */ = {
			isa = PBXTargetDependency;
			target = 3F322A9427EA172D00A26177 /* DiscountMultipleViewApp */;
			targetProxy = 3F322AB627EA172F00A26177 /* PBXContainerItemProxy */;
		};
/* End PBXTargetDependency section */

/* Begin PBXVariantGroup section */
		3F322A9E27EA172D00A26177 /* Main.storyboard */ = {
			isa = PBXVariantGroup;
			children = (
				3F322A9F27EA172D00A26177 /* Base */,
			);
			name = Main.storyboard;
			sourceTree = "<group>";
		};
		3F322AA327EA172E00A26177 /* LaunchScreen.storyboard */ = {
			isa = PBXVariantGroup;
			children = (
				3F322AA427EA172E00A26177 /* Base */,
			);
			name = LaunchScreen.storyboard;
			sourceTree = "<group>";
		};
/* End PBXVariantGroup section */

/* Begin XCBuildConfiguration section */
		3F322ABD27EA172F00A26177 /* Debug */ = {
			isa = XCBuildConfiguration;
			buildSettings = {
				ALWAYS_SEARCH_USER_PATHS = NO;
				CLANG_ANALYZER_NONNULL = YES;
				CLANG_ANALYZER_NUMBER_OBJECT_CONVERSION = YES_AGGRESSIVE;
				CLANG_CXX_LANGUAGE_STANDARD = "gnu++17";
				CLANG_CXX_LIBRARY = "libc++";
				CLANG_ENABLE_MODULES = YES;
				CLANG_ENABLE_OBJC_ARC = YES;
				CLANG_ENABLE_OBJC_WEAK = YES;
				CLANG_WARN_BLOCK_CAPTURE_AUTORELEASING = YES;
				CLANG_WARN_BOOL_CONVERSION = YES;
				CLANG_WARN_COMMA = YES;
				CLANG_WARN_CONSTANT_CONVERSION = YES;
				CLANG_WARN_DEPRECATED_OBJC_IMPLEMENTATIONS = YES;
				CLANG_WARN_DIRECT_OBJC_ISA_USAGE = YES_ERROR;
				CLANG_WARN_DOCUMENTATION_COMMENTS = YES;
				CLANG_WARN_EMPTY_BODY = YES;
				CLANG_WARN_ENUM_CONVERSION = YES;
				CLANG_WARN_INFINITE_RECURSION = YES;
				CLANG_WARN_INT_CONVERSION = YES;
				CLANG_WARN_NON_LITERAL_NULL_CONVERSION = YES;
				CLANG_WARN_OBJC_IMPLICIT_RETAIN_SELF = YES;
				CLANG_WARN_OBJC_LITERAL_CONVERSION = YES;
				CLANG_WARN_OBJC_ROOT_CLASS = YES_ERROR;
				CLANG_WARN_QUOTED_INCLUDE_IN_FRAMEWORK_HEADER = YES;
				CLANG_WARN_RANGE_LOOP_ANALYSIS = YES;
				CLANG_WARN_STRICT_PROTOTYPES = YES;
				CLANG_WARN_SUSPICIOUS_MOVE = YES;
				CLANG_WARN_UNGUARDED_AVAILABILITY = YES_AGGRESSIVE;
				CLANG_WARN_UNREACHABLE_CODE = YES;
				CLANG_WARN__DUPLICATE_METHOD_MATCH = YES;
				COPY_PHASE_STRIP = NO;
				DEBUG_INFORMATION_FORMAT = dwarf;
				ENABLE_STRICT_OBJC_MSGSEND = YES;
				ENABLE_TESTABILITY = YES;
				GCC_C_LANGUAGE_STANDARD = gnu11;
				GCC_DYNAMIC_NO_PIC = NO;
				GCC_NO_COMMON_BLOCKS = YES;
				GCC_OPTIMIZATION_LEVEL = 0;
				GCC_PREPROCESSOR_DEFINITIONS = (
					"DEBUG=1",
					"$(inherited)",
				);
				GCC_WARN_64_TO_32_BIT_CONVERSION = YES;
				GCC_WARN_ABOUT_RETURN_TYPE = YES_ERROR;
				GCC_WARN_UNDECLARED_SELECTOR = YES;
				GCC_WARN_UNINITIALIZED_AUTOS = YES_AGGRESSIVE;
				GCC_WARN_UNUSED_FUNCTION = YES;
				GCC_WARN_UNUSED_VARIABLE = YES;
				IPHONEOS_DEPLOYMENT_TARGET = 15.0;
				MTL_ENABLE_DEBUG_INFO = INCLUDE_SOURCE;
				MTL_FAST_MATH = YES;
				ONLY_ACTIVE_ARCH = YES;
				SDKROOT = iphoneos;
				SWIFT_ACTIVE_COMPILATION_CONDITIONS = DEBUG;
				SWIFT_OPTIMIZATION_LEVEL = "-Onone";
			};
			name = Debug;
		};
		3F322ABE27EA172F00A26177 /* Release */ = {
			isa = XCBuildConfiguration;
			buildSettings = {
				ALWAYS_SEARCH_USER_PATHS = NO;
				CLANG_ANALYZER_NONNULL = YES;
				CLANG_ANALYZER_NUMBER_OBJECT_CONVERSION = YES_AGGRESSIVE;
				CLANG_CXX_LANGUAGE_STANDARD = "gnu++17";
				CLANG_CXX_LIBRARY = "libc++";
				CLANG_ENABLE_MODULES = YES;
				CLANG_ENABLE_OBJC_ARC = YES;
				CLANG_ENABLE_OBJC_WEAK = YES;
				CLANG_WARN_BLOCK_CAPTURE_AUTORELEASING = YES;
				CLANG_WARN_BOOL_CONVERSION = YES;
				CLANG_WARN_COMMA = YES;
				CLANG_WARN_CONSTANT_CONVERSION = YES;
				CLANG_WARN_DEPRECATED_OBJC_IMPLEMENTATIONS = YES;
				CLANG_WARN_DIRECT_OBJC_ISA_USAGE = YES_ERROR;
				CLANG_WARN_DOCUMENTATION_COMMENTS = YES;
				CLANG_WARN_EMPTY_BODY = YES;
				CLANG_WARN_ENUM_CONVERSION = YES;
				CLANG_WARN_INFINITE_RECURSION = YES;
				CLANG_WARN_INT_CONVERSION = YES;
				CLANG_WARN_NON_LITERAL_NULL_CONVERSION = YES;
				CLANG_WARN_OBJC_IMPLICIT_RETAIN_SELF = YES;
				CLANG_WARN_OBJC_LITERAL_CONVERSION = YES;
				CLANG_WARN_OBJC_ROOT_CLASS = YES_ERROR;
				CLANG_WARN_QUOTED_INCLUDE_IN_FRAMEWORK_HEADER = YES;
				CLANG_WARN_RANGE_LOOP_ANALYSIS = YES;
				CLANG_WARN_STRICT_PROTOTYPES = YES;
				CLANG_WARN_SUSPICIOUS_MOVE = YES;
				CLANG_WARN_UNGUARDED_AVAILABILITY = YES_AGGRESSIVE;
				CLANG_WARN_UNREACHABLE_CODE = YES;
				CLANG_WARN__DUPLICATE_METHOD_MATCH = YES;
				COPY_PHASE_STRIP = NO;
				DEBUG_INFORMATION_FORMAT = "dwarf-with-dsym";
				ENABLE_NS_ASSERTIONS = NO;
				ENABLE_STRICT_OBJC_MSGSEND = YES;
				GCC_C_LANGUAGE_STANDARD = gnu11;
				GCC_NO_COMMON_BLOCKS = YES;
				GCC_WARN_64_TO_32_BIT_CONVERSION = YES;
				GCC_WARN_ABOUT_RETURN_TYPE = YES_ERROR;
				GCC_WARN_UNDECLARED_SELECTOR = YES;
				GCC_WARN_UNINITIALIZED_AUTOS = YES_AGGRESSIVE;
				GCC_WARN_UNUSED_FUNCTION = YES;
				GCC_WARN_UNUSED_VARIABLE = YES;
				IPHONEOS_DEPLOYMENT_TARGET = 15.0;
				MTL_ENABLE_DEBUG_INFO = NO;
				MTL_FAST_MATH = YES;
				SDKROOT = iphoneos;
				SWIFT_COMPILATION_MODE = wholemodule;
				SWIFT_OPTIMIZATION_LEVEL = "-O";
				VALIDATE_PRODUCT = YES;
			};
			name = Release;
		};
		3F322AC027EA172F00A26177 /* Debug */ = {
			isa = XCBuildConfiguration;
			buildSettings = {
				ASSETCATALOG_COMPILER_APPICON_NAME = AppIcon;
				ASSETCATALOG_COMPILER_GLOBAL_ACCENT_COLOR_NAME = AccentColor;
				CODE_SIGN_STYLE = Automatic;
				CURRENT_PROJECT_VERSION = 1;
				GENERATE_INFOPLIST_FILE = YES;
				INFOPLIST_FILE = DiscountMultipleViewApp/Info.plist;
				INFOPLIST_KEY_UIApplicationSupportsIndirectInputEvents = YES;
				INFOPLIST_KEY_UILaunchStoryboardName = LaunchScreen;
				INFOPLIST_KEY_UIMainStoryboardFile = Main;
				INFOPLIST_KEY_UISupportedInterfaceOrientations_iPad = "UIInterfaceOrientationPortrait UIInterfaceOrientationPortraitUpsideDown UIInterfaceOrientationLandscapeLeft UIInterfaceOrientationLandscapeRight";
				INFOPLIST_KEY_UISupportedInterfaceOrientations_iPhone = "UIInterfaceOrientationPortrait UIInterfaceOrientationLandscapeLeft UIInterfaceOrientationLandscapeRight";
				LD_RUNPATH_SEARCH_PATHS = (
					"$(inherited)",
					"@executable_path/Frameworks",
				);
				MARKETING_VERSION = 1.0;
				PRODUCT_BUNDLE_IDENTIFIER = NWMSU.DiscountMultipleViewApp;
				PRODUCT_NAME = "$(TARGET_NAME)";
				SWIFT_EMIT_LOC_STRINGS = YES;
				SWIFT_VERSION = 5.0;
				TARGETED_DEVICE_FAMILY = "1,2";
			};
			name = Debug;
		};
		3F322AC127EA172F00A26177 /* Release */ = {
			isa = XCBuildConfiguration;
			buildSettings = {
				ASSETCATALOG_COMPILER_APPICON_NAME = AppIcon;
				ASSETCATALOG_COMPILER_GLOBAL_ACCENT_COLOR_NAME = AccentColor;
				CODE_SIGN_STYLE = Automatic;
				CURRENT_PROJECT_VERSION = 1;
				GENERATE_INFOPLIST_FILE = YES;
				INFOPLIST_FILE = DiscountMultipleViewApp/Info.plist;
				INFOPLIST_KEY_UIApplicationSupportsIndirectInputEvents = YES;
				INFOPLIST_KEY_UILaunchStoryboardName = LaunchScreen;
				INFOPLIST_KEY_UIMainStoryboardFile = Main;
				INFOPLIST_KEY_UISupportedInterfaceOrientations_iPad = "UIInterfaceOrientationPortrait UIInterfaceOrientationPortraitUpsideDown UIInterfaceOrientationLandscapeLeft UIInterfaceOrientationLandscapeRight";
				INFOPLIST_KEY_UISupportedInterfaceOrientations_iPhone = "UIInterfaceOrientationPortrait UIInterfaceOrientationLandscapeLeft UIInterfaceOrientationLandscapeRight";
				LD_RUNPATH_SEARCH_PATHS = (
					"$(inherited)",
					"@executable_path/Frameworks",
				);
				MARKETING_VERSION = 1.0;
				PRODUCT_BUNDLE_IDENTIFIER = NWMSU.DiscountMultipleViewApp;
				PRODUCT_NAME = "$(TARGET_NAME)";
				SWIFT_EMIT_LOC_STRINGS = YES;
				SWIFT_VERSION = 5.0;
				TARGETED_DEVICE_FAMILY = "1,2";
			};
			name = Release;
		};
		3F322AC327EA172F00A26177 /* Debug */ = {
			isa = XCBuildConfiguration;
			buildSettings = {
				ALWAYS_EMBED_SWIFT_STANDARD_LIBRARIES = YES;
				BUNDLE_LOADER = "$(TEST_HOST)";
				CODE_SIGN_STYLE = Automatic;
				CURRENT_PROJECT_VERSION = 1;
				GENERATE_INFOPLIST_FILE = YES;
				IPHONEOS_DEPLOYMENT_TARGET = 15.0;
				LD_RUNPATH_SEARCH_PATHS = (
					"$(inherited)",
					"@executable_path/Frameworks",
					"@loader_path/Frameworks",
				);
				MARKETING_VERSION = 1.0;
				PRODUCT_BUNDLE_IDENTIFIER = NWMSU.DiscountMultipleViewAppTests;
				PRODUCT_NAME = "$(TARGET_NAME)";
				SWIFT_EMIT_LOC_STRINGS = NO;
				SWIFT_VERSION = 5.0;
				TARGETED_DEVICE_FAMILY = "1,2";
				TEST_HOST = "$(BUILT_PRODUCTS_DIR)/DiscountMultipleViewApp.app/DiscountMultipleViewApp";
			};
			name = Debug;
		};
		3F322AC427EA172F00A26177 /* Release */ = {
			isa = XCBuildConfiguration;
			buildSettings = {
				ALWAYS_EMBED_SWIFT_STANDARD_LIBRARIES = YES;
				BUNDLE_LOADER = "$(TEST_HOST)";
				CODE_SIGN_STYLE = Automatic;
				CURRENT_PROJECT_VERSION = 1;
				GENERATE_INFOPLIST_FILE = YES;
				IPHONEOS_DEPLOYMENT_TARGET = 15.0;
				LD_RUNPATH_SEARCH_PATHS = (
					"$(inherited)",
					"@executable_path/Frameworks",
					"@loader_path/Frameworks",
				);
				MARKETING_VERSION = 1.0;
				PRODUCT_BUNDLE_IDENTIFIER = NWMSU.DiscountMultipleViewAppTests;
				PRODUCT_NAME = "$(TARGET_NAME)";
				SWIFT_EMIT_LOC_STRINGS = NO;
				SWIFT_VERSION = 5.0;
				TARGETED_DEVICE_FAMILY = "1,2";
				TEST_HOST = "$(BUILT_PRODUCTS_DIR)/DiscountMultipleViewApp.app/DiscountMultipleViewApp";
			};
			name = Release;
		};
		3F322AC627EA172F00A26177 /* Debug */ = {
			isa = XCBuildConfiguration;
			buildSettings = {
				ALWAYS_EMBED_SWIFT_STANDARD_LIBRARIES = YES;
				CODE_SIGN_STYLE = Automatic;
				CURRENT_PROJECT_VERSION = 1;
				GENERATE_INFOPLIST_FILE = YES;
				LD_RUNPATH_SEARCH_PATHS = (
					"$(inherited)",
					"@executable_path/Frameworks",
					"@loader_path/Frameworks",
				);
				MARKETING_VERSION = 1.0;
				PRODUCT_BUNDLE_IDENTIFIER = NWMSU.DiscountMultipleViewAppUITests;
				PRODUCT_NAME = "$(TARGET_NAME)";
				SWIFT_EMIT_LOC_STRINGS = NO;
				SWIFT_VERSION = 5.0;
				TARGETED_DEVICE_FAMILY = "1,2";
				TEST_TARGET_NAME = DiscountMultipleViewApp;
			};
			name = Debug;
		};
		3F322AC727EA172F00A26177 /* Release */ = {
			isa = XCBuildConfiguration;
			buildSettings = {
				ALWAYS_EMBED_SWIFT_STANDARD_LIBRARIES = YES;
				CODE_SIGN_STYLE = Automatic;
				CURRENT_PROJECT_VERSION = 1;
				GENERATE_INFOPLIST_FILE = YES;
				LD_RUNPATH_SEARCH_PATHS = (
					"$(inherited)",
					"@executable_path/Frameworks",
					"@loader_path/Frameworks",
				);
				MARKETING_VERSION = 1.0;
				PRODUCT_BUNDLE_IDENTIFIER = NWMSU.DiscountMultipleViewAppUITests;
				PRODUCT_NAME = "$(TARGET_NAME)";
				SWIFT_EMIT_LOC_STRINGS = NO;
				SWIFT_VERSION = 5.0;
				TARGETED_DEVICE_FAMILY = "1,2";
				TEST_TARGET_NAME = DiscountMultipleViewApp;
			};
			name = Release;
		};
/* End XCBuildConfiguration section */

/* Begin XCConfigurationList section */
		3F322A9027EA172D00A26177 /* Build configuration list for PBXProject "DiscountMultipleViewApp" */ = {
			isa = XCConfigurationList;
			buildConfigurations = (
				3F322ABD27EA172F00A26177 /* Debug */,
				3F322ABE27EA172F00A26177 /* Release */,
			);
			defaultConfigurationIsVisible = 0;
			defaultConfigurationName = Release;
		};
		3F322ABF27EA172F00A26177 /* Build configuration list for PBXNativeTarget "DiscountMultipleViewApp" */ = {
			isa = XCConfigurationList;
			buildConfigurations = (
				3F322AC027EA172F00A26177 /* Debug */,
				3F322AC127EA172F00A26177 /* Release */,
			);
			defaultConfigurationIsVisible = 0;
			defaultConfigurationName = Release;
		};
		3F322AC227EA172F00A26177 /* Build configuration list for PBXNativeTarget "DiscountMultipleViewAppTests" */ = {
			isa = XCConfigurationList;
			buildConfigurations = (
				3F322AC327EA172F00A26177 /* Debug */,
				3F322AC427EA172F00A26177 /* Release */,
			);
			defaultConfigurationIsVisible = 0;
			defaultConfigurationName = Release;
		};
		3F322AC527EA172F00A26177 /* Build configuration list for PBXNativeTarget "DiscountMultipleViewAppUITests" */ = {
			isa = XCConfigurationList;
			buildConfigurations = (
				3F322AC627EA172F00A26177 /* Debug */,
				3F322AC727EA172F00A26177 /* Release */,
			);
			defaultConfigurationIsVisible = 0;
			defaultConfigurationName = Release;
		};
/* End XCConfigurationList section */
	};
	rootObject = 3F322A8D27EA172D00A26177 /* Project object */;
}
